
Microsoft Visual Studio Solution File, Format Version 12.00
# Visual Studio 15
VisualStudioVersion = 15.0.28010.2036
MinimumVisualStudioVersion = 10.0.40219.1
Project("{9A19103F-16F7-4668-BE54-9A1E7A4F7556}") = "WebApp.Web", "WebApp\WebApp.Web.csproj", "{1ECF6B1D-8D48-4685-9809-97B86E79A66C}"
EndProject
Project("{9A19103F-16F7-4668-BE54-9A1E7A4F7556}") = "WebApp.Dal", "WebApp.Dal\WebApp.Dal.csproj", "{3C3A8D8B-A8AD-4985-9E60-A311B9459919}"
EndProject
Project("{9A19103F-16F7-4668-BE54-9A1E7A4F7556}") = "WebApp.BL", "WebApp.BL\WebApp.BL.csproj", "{785F0882-05DE-4745-BA45-D6FD117EBF5E}"
EndProject
Global
	GlobalSection(SolutionConfigurationPlatforms) = preSolution
		Debug|Any CPU = Debug|Any CPU
		Release|Any CPU = Release|Any CPU
	EndGlobalSection
	GlobalSection(ProjectConfigurationPlatforms) = postSolution
		{1ECF6B1D-8D48-4685-9809-97B86E79A66C}.Debug|Any CPU.ActiveCfg = Debug|Any CPU
		{1ECF6B1D-8D48-4685-9809-97B86E79A66C}.Debug|Any CPU.Build.0 = Debug|Any CPU
		{1ECF6B1D-8D48-4685-9809-97B86E79A66C}.Release|Any CPU.ActiveCfg = Release|Any CPU
		{1ECF6B1D-8D48-4685-9809-97B86E79A66C}.Release|Any CPU.Build.0 = Release|Any CPU
		{3C3A8D8B-A8AD-4985-9E60-A311B9459919}.Debug|Any CPU.ActiveCfg = Debug|Any CPU
		{3C3A8D8B-A8AD-4985-9E60-A311B9459919}.Debug|Any CPU.Build.0 = Debug|Any CPU
		{3C3A8D8B-A8AD-4985-9E60-A311B9459919}.Release|Any CPU.ActiveCfg = Release|Any CPU
		{3C3A8D8B-A8AD-4985-9E60-A311B9459919}.Release|Any CPU.Build.0 = Release|Any CPU
		{785F0882-05DE-4745-BA45-D6FD117EBF5E}.Debug|Any CPU.ActiveCfg = Debug|Any CPU
		{785F0882-05DE-4745-BA45-D6FD117EBF5E}.Debug|Any CPU.Build.0 = Debug|Any CPU
		{785F0882-05DE-4745-BA45-D6FD117EBF5E}.Release|Any CPU.ActiveCfg = Release|Any CPU
		{785F0882-05DE-4745-BA45-D6FD117EBF5E}.Release|Any CPU.Build.0 = Release|Any CPU
	EndGlobalSection
	GlobalSection(SolutionProperties) = preSolution
		HideSolutionNode = FALSE
	EndGlobalSection
	GlobalSection(ExtensibilityGlobals) = postSolution
		SolutionGuid = {EFC0A985-836E-42C8-90EE-BA09BCC72507}
	EndGlobalSection
EndGlobal
